// !$*UTF8*$!
{
	archiveVersion = 1;
	classes = {
	};
	objectVersion = 50;
	objects = {

/* Begin PBXBuildFile section */
		7D32CDF22618EA000061B7C3 /* AppDelegate.swift in Sources */ = {isa = PBXBuildFile; fileRef = 7D32CDF12618EA000061B7C3 /* AppDelegate.swift */; };
		7D32CDF42618EA000061B7C3 /* SceneDelegate.swift in Sources */ = {isa = PBXBuildFile; fileRef = 7D32CDF32618EA000061B7C3 /* SceneDelegate.swift */; };
		7D32CDF62618EA000061B7C3 /* LoginViewController.swift in Sources */ = {isa = PBXBuildFile; fileRef = 7D32CDF52618EA000061B7C3 /* LoginViewController.swift */; };
		7D32CDF92618EA000061B7C3 /* Main.storyboard in Resources */ = {isa = PBXBuildFile; fileRef = 7D32CDF72618EA000061B7C3 /* Main.storyboard */; };
		7D32CDFB2618EA000061B7C3 /* Assets.xcassets in Resources */ = {isa = PBXBuildFile; fileRef = 7D32CDFA2618EA000061B7C3 /* Assets.xcassets */; };
		7D32CDFE2618EA000061B7C3 /* LaunchScreen.storyboard in Resources */ = {isa = PBXBuildFile; fileRef = 7D32CDFC2618EA000061B7C3 /* LaunchScreen.storyboard */; };
/* End PBXBuildFile section */

/* Begin PBXFileReference section */
		7D32CDEE2618EA000061B7C3 /* ProjetoEmpresas-MayaraOliveira.app */ = {isa = PBXFileReference; explicitFileType = wrapper.application; includeInIndex = 0; path = "ProjetoEmpresas-MayaraOliveira.app"; sourceTree = BUILT_PRODUCTS_DIR; };
		7D32CDF12618EA000061B7C3 /* AppDelegate.swift */ = {isa = PBXFileReference; lastKnownFileType = sourcecode.swift; path = AppDelegate.swift; sourceTree = "<group>"; };
		7D32CDF32618EA000061B7C3 /* SceneDelegate.swift */ = {isa = PBXFileReference; lastKnownFileType = sourcecode.swift; path = SceneDelegate.swift; sourceTree = "<group>"; };
		7D32CDF52618EA000061B7C3 /* LoginViewController.swift */ = {isa = PBXFileReference; lastKnownFileType = sourcecode.swift; path = LoginViewController.swift; sourceTree = "<group>"; };
		7D32CDF82618EA000061B7C3 /* Base */ = {isa = PBXFileReference; lastKnownFileType = file.storyboard; name = Base; path = Base.lproj/Main.storyboard; sourceTree = "<group>"; };
		7D32CDFA2618EA000061B7C3 /* Assets.xcassets */ = {isa = PBXFileReference; lastKnownFileType = folder.assetcatalog; path = Assets.xcassets; sourceTree = "<group>"; };
		7D32CDFD2618EA000061B7C3 /* Base */ = {isa = PBXFileReference; lastKnownFileType = file.storyboard; name = Base; path = Base.lproj/LaunchScreen.storyboard; sourceTree = "<group>"; };
		7D32CDFF2618EA000061B7C3 /* Info.plist */ = {isa = PBXFileReference; lastKnownFileType = text.plist.xml; path = Info.plist; sourceTree = "<group>"; };
/* End PBXFileReference section */

/* Begin PBXFrameworksBuildPhase section */
		7D32CDEB2618E9FF0061B7C3 /* Frameworks */ = {
			isa = PBXFrameworksBuildPhase;
			buildActionMask = 2147483647;
			files = (
			);
			runOnlyForDeploymentPostprocessing = 0;
		};
/* End PBXFrameworksBuildPhase section */

/* Begin PBXGroup section */
		7D32CDE52618E9FF0061B7C3 = {
			isa = PBXGroup;
			children = (
				7D32CDF02618EA000061B7C3 /* ProjetoEmpresas-MayaraOliveira */,
				7D32CDEF2618EA000061B7C3 /* Products */,
			);
			sourceTree = "<group>";
		};
		7D32CDEF2618EA000061B7C3 /* Products */ = {
			isa = PBXGroup;
			children = (
				7D32CDEE2618EA000061B7C3 /* ProjetoEmpresas-MayaraOliveira.app */,
			);
			name = Products;
			sourceTree = "<group>";
		};
		7D32CDF02618EA000061B7C3 /* ProjetoEmpresas-MayaraOliveira */ = {
			isa = PBXGroup;
			children = (
				7D32CE062618EA0A0061B7C3 /* Login */,
				7D32CE082618EA110061B7C3 /* Home */,
				7D32CE092618EA330061B7C3 /* CompanyAbout */,
				7D32CDF72618EA000061B7C3 /* Main.storyboard */,
				7D32CDFA2618EA000061B7C3 /* Assets.xcassets */,
				7D32CDF12618EA000061B7C3 /* AppDelegate.swift */,
				7D32CDF32618EA000061B7C3 /* SceneDelegate.swift */,
				7D32CDFC2618EA000061B7C3 /* LaunchScreen.storyboard */,
				7D32CDFF2618EA000061B7C3 /* Info.plist */,
			);
			path = "ProjetoEmpresas-MayaraOliveira";
			sourceTree = "<group>";
		};
		7D32CE062618EA0A0061B7C3 /* Login */ = {
			isa = PBXGroup;
			children = (
				7D32CE0A2618EA570061B7C3 /* Model */,
				7D32CE0C2618EA6A0061B7C3 /* View */,
				7D32CE0B2618EA5F0061B7C3 /* Controller */,
			);
			path = Login;
			sourceTree = "<group>";
		};
		7D32CE082618EA110061B7C3 /* Home */ = {
			isa = PBXGroup;
			children = (
			);
			path = Home;
			sourceTree = "<group>";
		};
		7D32CE092618EA330061B7C3 /* CompanyAbout */ = {
			isa = PBXGroup;
			children = (
			);
			path = CompanyAbout;
			sourceTree = "<group>";
		};
		7D32CE0A2618EA570061B7C3 /* Model */ = {
			isa = PBXGroup;
			children = (
			);
			path = Model;
			sourceTree = "<group>";
		};
		7D32CE0B2618EA5F0061B7C3 /* Controller */ = {
			isa = PBXGroup;
			children = (
				7D32CDF52618EA000061B7C3 /* LoginViewController.swift */,
			);
			path = Controller;
			sourceTree = "<group>";
		};
		7D32CE0C2618EA6A0061B7C3 /* View */ = {
			isa = PBXGroup;
			children = (
			);
			path = View;
			sourceTree = "<group>";
		};
/* End PBXGroup section */

/* Begin PBXNativeTarget section */
		7D32CDED2618E9FF0061B7C3 /* ProjetoEmpresas-MayaraOliveira */ = {
			isa = PBXNativeTarget;
			buildConfigurationList = 7D32CE022618EA000061B7C3 /* Build configuration list for PBXNativeTarget "ProjetoEmpresas-MayaraOliveira" */;
			buildPhases = (
				7D32CDEA2618E9FF0061B7C3 /* Sources */,
				7D32CDEB2618E9FF0061B7C3 /* Frameworks */,
				7D32CDEC2618E9FF0061B7C3 /* Resources */,
			);
			buildRules = (
			);
			dependencies = (
			);
			name = "ProjetoEmpresas-MayaraOliveira";
			productName = "ProjetoEmpresas-MayaraOliveira";
			productReference = 7D32CDEE2618EA000061B7C3 /* ProjetoEmpresas-MayaraOliveira.app */;
			productType = "com.apple.product-type.application";
		};
/* End PBXNativeTarget section */

/* Begin PBXProject section */
		7D32CDE62618E9FF0061B7C3 /* Project object */ = {
			isa = PBXProject;
			attributes = {
				LastSwiftUpdateCheck = 1240;
				LastUpgradeCheck = 1240;
				TargetAttributes = {
					7D32CDED2618E9FF0061B7C3 = {
						CreatedOnToolsVersion = 12.4;
					};
				};
			};
			buildConfigurationList = 7D32CDE92618E9FF0061B7C3 /* Build configuration list for PBXProject "ProjetoEmpresas-MayaraOliveira" */;
			compatibilityVersion = "Xcode 9.3";
			developmentRegion = en;
			hasScannedForEncodings = 0;
			knownRegions = (
				en,
				Base,
			);
			mainGroup = 7D32CDE52618E9FF0061B7C3;
			productRefGroup = 7D32CDEF2618EA000061B7C3 /* Products */;
			projectDirPath = "";
			projectRoot = "";
			targets = (
				7D32CDED2618E9FF0061B7C3 /* ProjetoEmpresas-MayaraOliveira */,
			);
		};
/* End PBXProject section */

/* Begin PBXResourcesBuildPhase section */
		7D32CDEC2618E9FF0061B7C3 /* Resources */ = {
			isa = PBXResourcesBuildPhase;
			buildActionMask = 2147483647;
			files = (
				7D32CDFE2618EA000061B7C3 /* LaunchScreen.storyboard in Resources */,
				7D32CDFB2618EA000061B7C3 /* Assets.xcassets in Resources */,
				7D32CDF92618EA000061B7C3 /* Main.storyboard in Resources */,
			);
			runOnlyForDeploymentPostprocessing = 0;
		};
/* End PBXResourcesBuildPhase section */

/* Begin PBXSourcesBuildPhase section */
		7D32CDEA2618E9FF0061B7C3 /* Sources */ = {
			isa = PBXSourcesBuildPhase;
			buildActionMask = 2147483647;
			files = (
				7D32CDF62618EA000061B7C3 /* LoginViewController.swift in Sources */,
				7D32CDF22618EA000061B7C3 /* AppDelegate.swift in Sources */,
				7D32CDF42618EA000061B7C3 /* SceneDelegate.swift in Sources */,
			);
			runOnlyForDeploymentPostprocessing = 0;
		};
/* End PBXSourcesBuildPhase section */

/* Begin PBXVariantGroup section */
		7D32CDF72618EA000061B7C3 /* Main.storyboard */ = {
			isa = PBXVariantGroup;
			children = (
				7D32CDF82618EA000061B7C3 /* Base */,
			);
			name = Main.storyboard;
			sourceTree = "<group>";
		};
		7D32CDFC2618EA000061B7C3 /* LaunchScreen.storyboard */ = {
			isa = PBXVariantGroup;
			children = (
				7D32CDFD2618EA000061B7C3 /* Base */,
			);
			name = LaunchScreen.storyboard;
			sourceTree = "<group>";
		};
/* End PBXVariantGroup section */

/* Begin XCBuildConfiguration section */
		7D32CE002618EA000061B7C3 /* Debug */ = {
			isa = XCBuildConfiguration;
			buildSettings = {
				ALWAYS_SEARCH_USER_PATHS = NO;
				CLANG_ANALYZER_NONNULL = YES;
				CLANG_ANALYZER_NUMBER_OBJECT_CONVERSION = YES_AGGRESSIVE;
				CLANG_CXX_LANGUAGE_STANDARD = "gnu++14";
				CLANG_CXX_LIBRARY = "libc++";
				CLANG_ENABLE_MODULES = YES;
				CLANG_ENABLE_OBJC_ARC = YES;
				CLANG_ENABLE_OBJC_WEAK = YES;
				CLANG_WARN_BLOCK_CAPTURE_AUTORELEASING = YES;
				CLANG_WARN_BOOL_CONVERSION = YES;
				CLANG_WARN_COMMA = YES;
				CLANG_WARN_CONSTANT_CONVERSION = YES;
				CLANG_WARN_DEPRECATED_OBJC_IMPLEMENTATIONS = YES;
				CLANG_WARN_DIRECT_OBJC_ISA_USAGE = YES_ERROR;
				CLANG_WARN_DOCUMENTATION_COMMENTS = YES;
				CLANG_WARN_EMPTY_BODY = YES;
				CLANG_WARN_ENUM_CONVERSION = YES;
				CLANG_WARN_INFINITE_RECURSION = YES;
				CLANG_WARN_INT_CONVERSION = YES;
				CLANG_WARN_NON_LITERAL_NULL_CONVERSION = YES;
				CLANG_WARN_OBJC_IMPLICIT_RETAIN_SELF = YES;
				CLANG_WARN_OBJC_LITERAL_CONVERSION = YES;
				CLANG_WARN_OBJC_ROOT_CLASS = YES_ERROR;
				CLANG_WARN_QUOTED_INCLUDE_IN_FRAMEWORK_HEADER = YES;
				CLANG_WARN_RANGE_LOOP_ANALYSIS = YES;
				CLANG_WARN_STRICT_PROTOTYPES = YES;
				CLANG_WARN_SUSPICIOUS_MOVE = YES;
				CLANG_WARN_UNGUARDED_AVAILABILITY = YES_AGGRESSIVE;
				CLANG_WARN_UNREACHABLE_CODE = YES;
				CLANG_WARN__DUPLICATE_METHOD_MATCH = YES;
				COPY_PHASE_STRIP = NO;
				DEBUG_INFORMATION_FORMAT = dwarf;
				ENABLE_STRICT_OBJC_MSGSEND = YES;
				ENABLE_TESTABILITY = YES;
				GCC_C_LANGUAGE_STANDARD = gnu11;
				GCC_DYNAMIC_NO_PIC = NO;
				GCC_NO_COMMON_BLOCKS = YES;
				GCC_OPTIMIZATION_LEVEL = 0;
				GCC_PREPROCESSOR_DEFINITIONS = (
					"DEBUG=1",
					"$(inherited)",
				);
				GCC_WARN_64_TO_32_BIT_CONVERSION = YES;
				GCC_WARN_ABOUT_RETURN_TYPE = YES_ERROR;
				GCC_WARN_UNDECLARED_SELECTOR = YES;
				GCC_WARN_UNINITIALIZED_AUTOS = YES_AGGRESSIVE;
				GCC_WARN_UNUSED_FUNCTION = YES;
				GCC_WARN_UNUSED_VARIABLE = YES;
				IPHONEOS_DEPLOYMENT_TARGET = 14.4;
				MTL_ENABLE_DEBUG_INFO = INCLUDE_SOURCE;
				MTL_FAST_MATH = YES;
				ONLY_ACTIVE_ARCH = YES;
				SDKROOT = iphoneos;
				SWIFT_ACTIVE_COMPILATION_CONDITIONS = DEBUG;
				SWIFT_OPTIMIZATION_LEVEL = "-Onone";
			};
			name = Debug;
		};
		7D32CE012618EA000061B7C3 /* Release */ = {
			isa = XCBuildConfiguration;
			buildSettings = {
				ALWAYS_SEARCH_USER_PATHS = NO;
				CLANG_ANALYZER_NONNULL = YES;
				CLANG_ANALYZER_NUMBER_OBJECT_CONVERSION = YES_AGGRESSIVE;
				CLANG_CXX_LANGUAGE_STANDARD = "gnu++14";
				CLANG_CXX_LIBRARY = "libc++";
				CLANG_ENABLE_MODULES = YES;
				CLANG_ENABLE_OBJC_ARC = YES;
				CLANG_ENABLE_OBJC_WEAK = YES;
				CLANG_WARN_BLOCK_CAPTURE_AUTORELEASING = YES;
				CLANG_WARN_BOOL_CONVERSION = YES;
				CLANG_WARN_COMMA = YES;
				CLANG_WARN_CONSTANT_CONVERSION = YES;
				CLANG_WARN_DEPRECATED_OBJC_IMPLEMENTATIONS = YES;
				CLANG_WARN_DIRECT_OBJC_ISA_USAGE = YES_ERROR;
				CLANG_WARN_DOCUMENTATION_COMMENTS = YES;
				CLANG_WARN_EMPTY_BODY = YES;
				CLANG_WARN_ENUM_CONVERSION = YES;
				CLANG_WARN_INFINITE_RECURSION = YES;
				CLANG_WARN_INT_CONVERSION = YES;
				CLANG_WARN_NON_LITERAL_NULL_CONVERSION = YES;
				CLANG_WARN_OBJC_IMPLICIT_RETAIN_SELF = YES;
				CLANG_WARN_OBJC_LITERAL_CONVERSION = YES;
				CLANG_WARN_OBJC_ROOT_CLASS = YES_ERROR;
				CLANG_WARN_QUOTED_INCLUDE_IN_FRAMEWORK_HEADER = YES;
				CLANG_WARN_RANGE_LOOP_ANALYSIS = YES;
				CLANG_WARN_STRICT_PROTOTYPES = YES;
				CLANG_WARN_SUSPICIOUS_MOVE = YES;
				CLANG_WARN_UNGUARDED_AVAILABILITY = YES_AGGRESSIVE;
				CLANG_WARN_UNREACHABLE_CODE = YES;
				CLANG_WARN__DUPLICATE_METHOD_MATCH = YES;
				COPY_PHASE_STRIP = NO;
				DEBUG_INFORMATION_FORMAT = "dwarf-with-dsym";
				ENABLE_NS_ASSERTIONS = NO;
				ENABLE_STRICT_OBJC_MSGSEND = YES;
				GCC_C_LANGUAGE_STANDARD = gnu11;
				GCC_NO_COMMON_BLOCKS = YES;
				GCC_WARN_64_TO_32_BIT_CONVERSION = YES;
				GCC_WARN_ABOUT_RETURN_TYPE = YES_ERROR;
				GCC_WARN_UNDECLARED_SELECTOR = YES;
				GCC_WARN_UNINITIALIZED_AUTOS = YES_AGGRESSIVE;
				GCC_WARN_UNUSED_FUNCTION = YES;
				GCC_WARN_UNUSED_VARIABLE = YES;
				IPHONEOS_DEPLOYMENT_TARGET = 14.4;
				MTL_ENABLE_DEBUG_INFO = NO;
				MTL_FAST_MATH = YES;
				SDKROOT = iphoneos;
				SWIFT_COMPILATION_MODE = wholemodule;
				SWIFT_OPTIMIZATION_LEVEL = "-O";
				VALIDATE_PRODUCT = YES;
			};
			name = Release;
		};
		7D32CE032618EA000061B7C3 /* Debug */ = {
			isa = XCBuildConfiguration;
			buildSettings = {
				ASSETCATALOG_COMPILER_APPICON_NAME = AppIcon;
				ASSETCATALOG_COMPILER_GLOBAL_ACCENT_COLOR_NAME = AccentColor;
				CODE_SIGN_STYLE = Automatic;
				DEVELOPMENT_TEAM = 58RN6U59UJ;
				INFOPLIST_FILE = "ProjetoEmpresas-MayaraOliveira/Info.plist";
				LD_RUNPATH_SEARCH_PATHS = (
					"$(inherited)",
					"@executable_path/Frameworks",
				);
				PRODUCT_BUNDLE_IDENTIFIER = "aprendendo.ProjetoEmpresas-MayaraOliveira";
				PRODUCT_NAME = "$(TARGET_NAME)";
				SWIFT_VERSION = 5.0;
				TARGETED_DEVICE_FAMILY = "1,2";
			};
			name = Debug;
		};
		7D32CE042618EA000061B7C3 /* Release */ = {
			isa = XCBuildConfiguration;
			buildSettings = {
				ASSETCATALOG_COMPILER_APPICON_NAME = AppIcon;
				ASSETCATALOG_COMPILER_GLOBAL_ACCENT_COLOR_NAME = AccentColor;
				CODE_SIGN_STYLE = Automatic;
				DEVELOPMENT_TEAM = 58RN6U59UJ;
				INFOPLIST_FILE = "ProjetoEmpresas-MayaraOliveira/Info.plist";
				LD_RUNPATH_SEARCH_PATHS = (
					"$(inherited)",
					"@executable_path/Frameworks",
				);
				PRODUCT_BUNDLE_IDENTIFIER = "aprendendo.ProjetoEmpresas-MayaraOliveira";
				PRODUCT_NAME = "$(TARGET_NAME)";
				SWIFT_VERSION = 5.0;
				TARGETED_DEVICE_FAMILY = "1,2";
			};
			name = Release;
		};
/* End XCBuildConfiguration section */

/* Begin XCConfigurationList section */
		7D32CDE92618E9FF0061B7C3 /* Build configuration list for PBXProject "ProjetoEmpresas-MayaraOliveira" */ = {
			isa = XCConfigurationList;
			buildConfigurations = (
				7D32CE002618EA000061B7C3 /* Debug */,
				7D32CE012618EA000061B7C3 /* Release */,
			);
			defaultConfigurationIsVisible = 0;
			defaultConfigurationName = Release;
		};
		7D32CE022618EA000061B7C3 /* Build configuration list for PBXNativeTarget "ProjetoEmpresas-MayaraOliveira" */ = {
			isa = XCConfigurationList;
			buildConfigurations = (
				7D32CE032618EA000061B7C3 /* Debug */,
				7D32CE042618EA000061B7C3 /* Release */,
			);
			defaultConfigurationIsVisible = 0;
			defaultConfigurationName = Release;
		};
/* End XCConfigurationList section */
	};
	rootObject = 7D32CDE62618E9FF0061B7C3 /* Project object */;
}
